Microsoft Visual Studio Solution File, Format Version 12.00
# Visual Studio 15
VisualStudioVersion = 15.0.28307.757
MinimumVisualStudioVersion = 10.0.40219.1
Project("{FAE04EC0-301F-11D3-BF4B-00C04F79EFBC}") = "SandboxSite", "SandboxSite\SandboxSite.csproj", "{DAFBD0E0-F62E-4BB6-ACAD-78FBA75C4A3A}"
EndProject
Project("{FAE04EC0-301F-11D3-BF4B-00C04F79EFBC}") = "Kentico.Widget.Video", "Kentico.Widget.Video\Kentico.Widget.Video.csproj", "{7BC9BF35-B4C2-43FF-A932-1D29A797BF50}"
EndProject
Project("{FAE04EC0-301F-11D3-BF4B-00C04F79EFBC}") = "Kentico.Widget.Video.Views", "Kentico.Widget.Video.Views\Kentico.Widget.Video.Views.csproj", "{47F7A09A-C58B-4F57-86FD-7E576C6474BE}"
EndProject
Project("{FAE04EC0-301F-11D3-BF4B-00C04F79EFBC}") = "Kentico.Widget.Video.Tests", "Kentico.Widget.Video.Tests\Kentico.Widget.Video.Tests.csproj", "{E2D994F8-CAB3-49C6-9A38-83466AD2E18B}"
EndProject
Project("{FAE04EC0-301F-11D3-BF4B-00C04F79EFBC}") = "Kentico.Widget.RichText", "Kentico.Widget.RichText\Kentico.Widget.RichText.csproj", "{2325C81A-CA2E-4489-A001-41607DB6F24A}"
EndProject
Project("{FAE04EC0-301F-11D3-BF4B-00C04F79EFBC}") = "Kentico.Widget.RichText.Views", "Kentico.Widget.RichText.Views\Kentico.Widget.RichText.Views.csproj", "{D5D1A1AB-12F9-43E4-AC6E-9F4AB3358BF9}"
EndProject
Project("{FAE04EC0-301F-11D3-BF4B-00C04F79EFBC}") = "Kentico.InlineEditor.RichText", "Kentico.InlineEditor.RichText\Kentico.InlineEditor.RichText.csproj", "{CC8499D6-4F7C-4A4C-A902-D6FF1264653C}"
EndProject
Project("{FAE04EC0-301F-11D3-BF4B-00C04F79EFBC}") = "Kentico.InlineEditor.RichText.Tests", "Kentico.InlineEditor.RichText.Tests\Kentico.InlineEditor.RichText.Tests.csproj", "{A74C858C-91DF-4614-9689-718CB8B9B328}"
EndProject
Project("{FAE04EC0-301F-11D3-BF4B-00C04F79EFBC}") = "RichText", "NugetPackageBuilder\RichText\RichText.csproj", "{60D45549-BB62-4999-8F29-987B58B33127}"
EndProject
Global
	GlobalSection(SolutionConfigurationPlatforms) = preSolution
		Debug|Any CPU = Debug|Any CPU
		Release|Any CPU = Release|Any CPU
	EndGlobalSection
	GlobalSection(ProjectConfigurationPlatforms) = postSolution
		{DAFBD0E0-F62E-4BB6-ACAD-78FBA75C4A3A}.Debug|Any CPU.ActiveCfg = Debug|Any CPU
		{DAFBD0E0-F62E-4BB6-ACAD-78FBA75C4A3A}.Debug|Any CPU.Build.0 = Debug|Any CPU
		{DAFBD0E0-F62E-4BB6-ACAD-78FBA75C4A3A}.Release|Any CPU.ActiveCfg = Release|Any CPU
		{DAFBD0E0-F62E-4BB6-ACAD-78FBA75C4A3A}.Release|Any CPU.Build.0 = Release|Any CPU
		{7BC9BF35-B4C2-43FF-A932-1D29A797BF50}.Debug|Any CPU.ActiveCfg = Debug|Any CPU
		{7BC9BF35-B4C2-43FF-A932-1D29A797BF50}.Debug|Any CPU.Build.0 = Debug|Any CPU
		{7BC9BF35-B4C2-43FF-A932-1D29A797BF50}.Release|Any CPU.ActiveCfg = Release|Any CPU
		{7BC9BF35-B4C2-43FF-A932-1D29A797BF50}.Release|Any CPU.Build.0 = Release|Any CPU
		{47F7A09A-C58B-4F57-86FD-7E576C6474BE}.Debug|Any CPU.ActiveCfg = Debug|Any CPU
		{47F7A09A-C58B-4F57-86FD-7E576C6474BE}.Debug|Any CPU.Build.0 = Debug|Any CPU
		{47F7A09A-C58B-4F57-86FD-7E576C6474BE}.Release|Any CPU.ActiveCfg = Release|Any CPU
		{47F7A09A-C58B-4F57-86FD-7E576C6474BE}.Release|Any CPU.Build.0 = Release|Any CPU
		{E2D994F8-CAB3-49C6-9A38-83466AD2E18B}.Debug|Any CPU.ActiveCfg = Debug|Any CPU
		{E2D994F8-CAB3-49C6-9A38-83466AD2E18B}.Debug|Any CPU.Build.0 = Debug|Any CPU
		{E2D994F8-CAB3-49C6-9A38-83466AD2E18B}.Release|Any CPU.ActiveCfg = Release|Any CPU
		{E2D994F8-CAB3-49C6-9A38-83466AD2E18B}.Release|Any CPU.Build.0 = Release|Any CPU
		{2325C81A-CA2E-4489-A001-41607DB6F24A}.Debug|Any CPU.ActiveCfg = Debug|Any CPU
		{2325C81A-CA2E-4489-A001-41607DB6F24A}.Debug|Any CPU.Build.0 = Debug|Any CPU
		{2325C81A-CA2E-4489-A001-41607DB6F24A}.Release|Any CPU.ActiveCfg = Release|Any CPU
		{2325C81A-CA2E-4489-A001-41607DB6F24A}.Release|Any CPU.Build.0 = Release|Any CPU
		{D5D1A1AB-12F9-43E4-AC6E-9F4AB3358BF9}.Debug|Any CPU.ActiveCfg = Debug|Any CPU
		{D5D1A1AB-12F9-43E4-AC6E-9F4AB3358BF9}.Debug|Any CPU.Build.0 = Debug|Any CPU
		{D5D1A1AB-12F9-43E4-AC6E-9F4AB3358BF9}.Release|Any CPU.ActiveCfg = Release|Any CPU
		{D5D1A1AB-12F9-43E4-AC6E-9F4AB3358BF9}.Release|Any CPU.Build.0 = Release|Any CPU
		{CC8499D6-4F7C-4A4C-A902-D6FF1264653C}.Debug|Any CPU.ActiveCfg = Debug|Any CPU
		{CC8499D6-4F7C-4A4C-A902-D6FF1264653C}.Debug|Any CPU.Build.0 = Debug|Any CPU
		{CC8499D6-4F7C-4A4C-A902-D6FF1264653C}.Release|Any CPU.ActiveCfg = Release|Any CPU
		{CC8499D6-4F7C-4A4C-A902-D6FF1264653C}.Release|Any CPU.Build.0 = Release|Any CPU
		{A74C858C-91DF-4614-9689-718CB8B9B328}.Debug|Any CPU.ActiveCfg = Debug|Any CPU
		{A74C858C-91DF-4614-9689-718CB8B9B328}.Debug|Any CPU.Build.0 = Debug|Any CPU
		{A74C858C-91DF-4614-9689-718CB8B9B328}.Release|Any CPU.ActiveCfg = Release|Any CPU
		{A74C858C-91DF-4614-9689-718CB8B9B328}.Release|Any CPU.Build.0 = Release|Any CPU
		{60D45549-BB62-4999-8F29-987B58B33127}.Debug|Any CPU.ActiveCfg = Debug|Any CPU
		{60D45549-BB62-4999-8F29-987B58B33127}.Debug|Any CPU.Build.0 = Debug|Any CPU
		{60D45549-BB62-4999-8F29-987B58B33127}.Release|Any CPU.ActiveCfg = Release|Any CPU
		{60D45549-BB62-4999-8F29-987B58B33127}.Release|Any CPU.Build.0 = Release|Any CPU
	EndGlobalSection
	GlobalSection(SolutionProperties) = preSolution
		HideSolutionNode = FALSE
	EndGlobalSection
	GlobalSection(ExtensibilityGlobals) = postSolution
		SolutionGuid = {C6500213-6CF9-462C-B95D-DCF91FC64889}
	EndGlobalSection
EndGlobal
