Microsoft Visual Studio Solution File, Format Version 12.00
# Visual Studio Version 16
VisualStudioVersion = 16.0.29326.143
MinimumVisualStudioVersion = 10.0.40219.1
Project("{9A19103F-16F7-4668-BE54-9A1E7A4F7556}") = "SandboxSite", "SandboxSite\SandboxSite.csproj", "{CEC0938E-D241-4906-A983-212374991733}"
EndProject
Project("{FAE04EC0-301F-11D3-BF4B-00C04F79EFBC}") = "Kentico.Widget.Video.Tests", "Kentico.Widget.Video.Tests\Kentico.Widget.Video.Tests.csproj", "{EDC3F710-787B-4F84-BA54-F094DD71922D}"
EndProject
Global
	GlobalSection(SolutionConfigurationPlatforms) = preSolution
		Debug|Any CPU = Debug|Any CPU
		Release|Any CPU = Release|Any CPU
	EndGlobalSection
	GlobalSection(ProjectConfigurationPlatforms) = postSolution
		{CEC0938E-D241-4906-A983-212374991733}.Debug|Any CPU.ActiveCfg = Debug|Any CPU
		{CEC0938E-D241-4906-A983-212374991733}.Debug|Any CPU.Build.0 = Debug|Any CPU
		{CEC0938E-D241-4906-A983-212374991733}.Release|Any CPU.ActiveCfg = Release|Any CPU
		{CEC0938E-D241-4906-A983-212374991733}.Release|Any CPU.Build.0 = Release|Any CPU
		{EDC3F710-787B-4F84-BA54-F094DD71922D}.Debug|Any CPU.ActiveCfg = Debug|Any CPU
		{EDC3F710-787B-4F84-BA54-F094DD71922D}.Debug|Any CPU.Build.0 = Debug|Any CPU
		{EDC3F710-787B-4F84-BA54-F094DD71922D}.Release|Any CPU.ActiveCfg = Release|Any CPU
		{EDC3F710-787B-4F84-BA54-F094DD71922D}.Release|Any CPU.Build.0 = Release|Any CPU
	EndGlobalSection
	GlobalSection(SolutionProperties) = preSolution
		HideSolutionNode = FALSE
	EndGlobalSection
	GlobalSection(ExtensibilityGlobals) = postSolution
		SolutionGuid = {C6500213-6CF9-462C-B95D-DCF91FC64889}
	EndGlobalSection
EndGlobal
